lockfileVersion: '9.0'

settings:
  autoInstallPeers: true
  excludeLinksFromLockfile: false

importers:

  .:
    dependencies:
      '@core/asyncutil':
        specifier: npm:@jsr/core__asyncutil@^1.2.0
        version: '@jsr/core__asyncutil@1.2.0'
      typescript:
        specifier: ^5
        version: 5.8.2
    devDependencies:
      '@google/generative-ai':
        specifier: ^0.24.0
        version: 0.24.0
      '@types/bun':
        specifier: latest
        version: 1.2.4

packages:

  '@google/generative-ai@0.24.0':
    resolution: {integrity: sha512-fnEITCGEB7NdX0BhoYZ/cq/7WPZ1QS5IzJJfC3Tg/OwkvBetMiVJciyaan297OvE4B9Jg1xvo0zIazX/9sGu1Q==}
    engines: {node: '>=18.0.0'}

  '@jsr/core__asyncutil@1.2.0':
    resolution: {integrity: sha512-ic0VDrZ6b/Qr42M4yYraNV6yjClCzAUw/ADD9PiCw0h3+Le94EHzpT2WcdKkDehIHDiwQ8cgM6thvRHEj71PEw==, tarball: https://npm.jsr.io/~/11/@jsr/core__asyncutil/1.2.0.tgz}

  '@types/bun@1.2.4':
    resolution: {integrity: sha512-QtuV5OMR8/rdKJs213iwXDpfVvnskPXY/S0ZiFbsTjQZycuqPbMW8Gf/XhLfwE5njW8sxI2WjISURXPlHypMFA==}

  '@types/node@22.13.10':
    resolution: {integrity: sha512-I6LPUvlRH+O6VRUqYOcMudhaIdUVWfsjnZavnsraHvpBwaEyMN29ry+0UVJhImYL16xsscu0aske3yA+uPOWfw==}

  '@types/ws@8.5.14':
    resolution: {integrity: sha512-bd/YFLW+URhBzMXurx7lWByOu+xzU9+kb3RboOteXYDfW+tr+JZa99OyNmPINEGB/ahzKrEuc8rcv4gnpJmxTw==}

  bun-types@1.2.4:
    resolution: {integrity: sha512-nDPymR207ZZEoWD4AavvEaa/KZe/qlrbMSchqpQwovPZCKc7pwMoENjEtHgMKaAjJhy+x6vfqSBA1QU3bJgs0Q==}

  typescript@5.8.2:
    resolution: {integrity: sha512-aJn6wq13/afZp/jT9QZmwEjDqqvSGp1VT5GVg+f/t6/oVyrgXM6BY1h9BRh/O5p3PlUPAe+WuiEZOmb/49RqoQ==}
    engines: {node: '>=14.17'}
    hasBin: true

  undici-types@6.20.0:
    resolution: {integrity: sha512-Ny6QZ2Nju20vw1SRHe3d9jVu6gJ+4e3+MMpqu7pqE5HT6WsTSlce++GQmK5UXS8mzV8DSYHrQH+Xrf2jVcuKNg==}

snapshots:

  '@google/generative-ai@0.24.0': {}

  '@jsr/core__asyncutil@1.2.0': {}

  '@types/bun@1.2.4':
    dependencies:
      bun-types: 1.2.4

  '@types/node@22.13.10':
    dependencies:
      undici-types: 6.20.0

  '@types/ws@8.5.14':
    dependencies:
      '@types/node': 22.13.10

  bun-types@1.2.4:
    dependencies:
      '@types/node': 22.13.10
      '@types/ws': 8.5.14

  typescript@5.8.2: {}

  undici-types@6.20.0: {}
